
Microsoft Visual Studio Solution File, Format Version 12.00
# Visual Studio Version 17
VisualStudioVersion = 17.12.35309.182
MinimumVisualStudioVersion = 10.0.40219.1
Project("{FAE04EC0-301F-11D3-BF4B-00C04F79EFBC}") = "WebAppBNP", "WebAppBNP\WebAppBNP.csproj", "{66C4EF24-D4F7-41DA-B1AB-FB772A44EFA2}"
EndProject
Global
	GlobalSection(SolutionConfigurationPlatforms) = preSolution
		Debug|Any CPU = Debug|Any CPU
		Release|Any CPU = Release|Any CPU
	EndGlobalSection
	GlobalSection(ProjectConfigurationPlatforms) = postSolution
		{66C4EF24-D4F7-41DA-B1AB-FB772A44EFA2}.Debug|Any CPU.ActiveCfg = Debug|Any CPU
		{66C4EF24-D4F7-41DA-B1AB-FB772A44EFA2}.Debug|Any CPU.Build.0 = Debug|Any CPU
		{66C4EF24-D4F7-41DA-B1AB-FB772A44EFA2}.Release|Any CPU.ActiveCfg = Release|Any CPU
		{66C4EF24-D4F7-41DA-B1AB-FB772A44EFA2}.Release|Any CPU.Build.0 = Release|Any CPU
	EndGlobalSection
	GlobalSection(SolutionProperties) = preSolution
		HideSolutionNode = FALSE
	EndGlobalSection
	GlobalSection(ExtensibilityGlobals) = postSolution
		SolutionGuid = {2062811F-A5CE-492A-8D75-6FD7380077BD}
	EndGlobalSection
EndGlobal
